PODS:
  - Alamofire (4.8.2)
  - MBProgressHUD (1.1.0)
  - SnapKit (5.0.0)
  - SwiftyJSON (5.0.0)

DEPENDENCIES:
  - Alamofire
  - MBProgressHUD
  - SnapKit
  - SwiftyJSON

SPEC REPOS:
  https://github.com/cocoapods/specs.git:
    - Alamofire
    - MBProgressHUD
    - SnapKit
    - SwiftyJSON

SPEC CHECKSUMS:
  Alamofire: ae5c501addb7afdbb13687d7f2f722c78734c2d3
  MBProgressHUD: e7baa36a220447d8aeb12769bf0585582f3866d9
  SnapKit: fd22d10eb9aff484d79a8724eab922c1ddf89bcf
  SwiftyJSON: 36413e04c44ee145039d332b4f4e2d3e8d6c4db7

PODFILE CHECKSUM: 6bdf94d6f49543b71611d95c7675229f1acb3968

COCOAPODS: 1.6.1
